// !$*UTF8*$!
{
	archiveVersion = 1;
	classes = {
	};
	objectVersion = 50;
	objects = {

/* Begin PBXBuildFile section */
		1FD3B762230D37F7000B7CF9 /* AppDelegate.m in Sources */ = {isa = PBXBuildFile; fileRef = 1FD3B761230D37F7000B7CF9 /* AppDelegate.m */; };
		1FD3B765230D37F7000B7CF9 /* ViewController.m in Sources */ = {isa = PBXBuildFile; fileRef = 1FD3B764230D37F7000B7CF9 /* ViewController.m */; };
		1FD3B768230D37F7000B7CF9 /* Main.storyboard in Resources */ = {isa = PBXBuildFile; fileRef = 1FD3B766230D37F7000B7CF9 /* Main.storyboard */; };
		1FD3B76A230D37F8000B7CF9 /* Assets.xcassets in Resources */ = {isa = PBXBuildFile; fileRef = 1FD3B769230D37F8000B7CF9 /* Assets.xcassets */; };
		1FD3B76D230D37F8000B7CF9 /* LaunchScreen.storyboard in Resources */ = {isa = PBXBuildFile; fileRef = 1FD3B76B230D37F8000B7CF9 /* LaunchScreen.storyboard */; };
		1FD3B770230D37F8000B7CF9 /* main.m in Sources */ = {isa = PBXBuildFile; fileRef = 1FD3B76F230D37F8000B7CF9 /* main.m */; };
		25C15557595E2BE93729DDD8 /* Pods_MLSModelDemo.framework in Frameworks */ = {isa = PBXBuildFile; fileRef = 2B44AFB61C59C88ECBF6B245 /* Pods_MLSModelDemo.framework */; };
/* End PBXBuildFile section */

/* Begin PBXFileReference section */
		1FD3B75D230D37F7000B7CF9 /* MLSModelDemo.app */ = {isa = PBXFileReference; explicitFileType = wrapper.application; includeInIndex = 0; path = MLSModelDemo.app; sourceTree = BUILT_PRODUCTS_DIR; };
		1FD3B760230D37F7000B7CF9 /* AppDelegate.h */ = {isa = PBXFileReference; lastKnownFileType = sourcecode.c.h; path = AppDelegate.h; sourceTree = "<group>"; };
		1FD3B761230D37F7000B7CF9 /* AppDelegate.m */ = {isa = PBXFileReference; lastKnownFileType = sourcecode.c.objc; path = AppDelegate.m; sourceTree = "<group>"; };
		1FD3B763230D37F7000B7CF9 /* ViewController.h */ = {isa = PBXFileReference; lastKnownFileType = sourcecode.c.h; path = ViewController.h; sourceTree = "<group>"; };
		1FD3B764230D37F7000B7CF9 /* ViewController.m */ = {isa = PBXFileReference; lastKnownFileType = sourcecode.c.objc; path = ViewController.m; sourceTree = "<group>"; };
		1FD3B767230D37F7000B7CF9 /* Base */ = {isa = PBXFileReference; lastKnownFileType = file.storyboard; name = Base; path = Base.lproj/Main.storyboard; sourceTree = "<group>"; };
		1FD3B769230D37F8000B7CF9 /* Assets.xcassets */ = {isa = PBXFileReference; lastKnownFileType = folder.assetcatalog; path = Assets.xcassets; sourceTree = "<group>"; };
		1FD3B76C230D37F8000B7CF9 /* Base */ = {isa = PBXFileReference; lastKnownFileType = file.storyboard; name = Base; path = Base.lproj/LaunchScreen.storyboard; sourceTree = "<group>"; };
		1FD3B76E230D37F8000B7CF9 /* Info.plist */ = {isa = PBXFileReference; lastKnownFileType = text.plist.xml; path = Info.plist; sourceTree = "<group>"; };
		1FD3B76F230D37F8000B7CF9 /* main.m */ = {isa = PBXFileReference; lastKnownFileType = sourcecode.c.objc; path = main.m; sourceTree = "<group>"; };
		2B44AFB61C59C88ECBF6B245 /* Pods_MLSModelDemo.framework */ = {isa = PBXFileReference; explicitFileType = wrapper.framework; includeInIndex = 0; path = Pods_MLSModelDemo.framework; sourceTree = BUILT_PRODUCTS_DIR; };
		2E952FC98A4821251D2D1CA6 /* Pods-MLSModelDemo.release.xcconfig */ = {isa = PBXFileReference; includeInIndex = 1; lastKnownFileType = text.xcconfig; name = "Pods-MLSModelDemo.release.xcconfig"; path = "Target Support Files/Pods-MLSModelDemo/Pods-MLSModelDemo.release.xcconfig"; sourceTree = "<group>"; };
		7CAC4285B764D9D319B076C4 /* Pods-MLSModelDemo.debug.xcconfig */ = {isa = PBXFileReference; includeInIndex = 1; lastKnownFileType = text.xcconfig; name = "Pods-MLSModelDemo.debug.xcconfig"; path = "Target Support Files/Pods-MLSModelDemo/Pods-MLSModelDemo.debug.xcconfig"; sourceTree = "<group>"; };
/* End PBXFileReference section */

/* Begin PBXFrameworksBuildPhase section */
		1FD3B75A230D37F7000B7CF9 /* Frameworks */ = {
			isa = PBXFrameworksBuildPhase;
			buildActionMask = 2147483647;
			files = (
				25C15557595E2BE93729DDD8 /* Pods_MLSModelDemo.framework in Frameworks */,
			);
			runOnlyForDeploymentPostprocessing = 0;
		};
/* End PBXFrameworksBuildPhase section */

/* Begin PBXGroup section */
		1CBC1DE3539A136A7D51C8E6 /* Frameworks */ = {
			isa = PBXGroup;
			children = (
				2B44AFB61C59C88ECBF6B245 /* Pods_MLSModelDemo.framework */,
			);
			name = Frameworks;
			sourceTree = "<group>";
		};
		1FD3B754230D37F7000B7CF9 = {
			isa = PBXGroup;
			children = (
				1FD3B75F230D37F7000B7CF9 /* MLSModelDemo */,
				1FD3B75E230D37F7000B7CF9 /* Products */,
				916C795AA147E0D90DD1DF00 /* Pods */,
				1CBC1DE3539A136A7D51C8E6 /* Frameworks */,
			);
			sourceTree = "<group>";
		};
		1FD3B75E230D37F7000B7CF9 /* Products */ = {
			isa = PBXGroup;
			children = (
				1FD3B75D230D37F7000B7CF9 /* MLSModelDemo.app */,
			);
			name = Products;
			sourceTree = "<group>";
		};
		1FD3B75F230D37F7000B7CF9 /* MLSModelDemo */ = {
			isa = PBXGroup;
			children = (
				1FD3B760230D37F7000B7CF9 /* AppDelegate.h */,
				1FD3B761230D37F7000B7CF9 /* AppDelegate.m */,
				1FD3B763230D37F7000B7CF9 /* ViewController.h */,
				1FD3B764230D37F7000B7CF9 /* ViewController.m */,
				1FD3B766230D37F7000B7CF9 /* Main.storyboard */,
				1FD3B769230D37F8000B7CF9 /* Assets.xcassets */,
				1FD3B76B230D37F8000B7CF9 /* LaunchScreen.storyboard */,
				1FD3B76E230D37F8000B7CF9 /* Info.plist */,
				1FD3B76F230D37F8000B7CF9 /* main.m */,
			);
			path = MLSModelDemo;
			sourceTree = "<group>";
		};
		916C795AA147E0D90DD1DF00 /* Pods */ = {
			isa = PBXGroup;
			children = (
				7CAC4285B764D9D319B076C4 /* Pods-MLSModelDemo.debug.xcconfig */,
				2E952FC98A4821251D2D1CA6 /* Pods-MLSModelDemo.release.xcconfig */,
			);
			name = Pods;
			path = Pods;
			sourceTree = "<group>";
		};
/* End PBXGroup section */

/* Begin PBXNativeTarget section */
		1FD3B75C230D37F7000B7CF9 /* MLSModelDemo */ = {
			isa = PBXNativeTarget;
			buildConfigurationList = 1FD3B773230D37F8000B7CF9 /* Build configuration list for PBXNativeTarget "MLSModelDemo" */;
			buildPhases = (
				85AAC29EFCCB284F40002848 /* [CP] Check Pods Manifest.lock */,
				1FD3B759230D37F7000B7CF9 /* Sources */,
				1FD3B75A230D37F7000B7CF9 /* Frameworks */,
				1FD3B75B230D37F7000B7CF9 /* Resources */,
			);
			buildRules = (
			);
			dependencies = (
			);
			name = MLSModelDemo;
			productName = MLSModelDemo;
			productReference = 1FD3B75D230D37F7000B7CF9 /* MLSModelDemo.app */;
			productType = "com.apple.product-type.application";
		};
/* End PBXNativeTarget section */

/* Begin PBXProject section */
		1FD3B755230D37F7000B7CF9 /* Project object */ = {
			isa = PBXProject;
			attributes = {
				LastUpgradeCheck = 1020;
				ORGANIZATIONNAME = minlison;
				TargetAttributes = {
					1FD3B75C230D37F7000B7CF9 = {
						CreatedOnToolsVersion = 10.2.1;
					};
				};
			};
			buildConfigurationList = 1FD3B758230D37F7000B7CF9 /* Build configuration list for PBXProject "MLSModelDemo" */;
			compatibilityVersion = "Xcode 9.3";
			developmentRegion = en;
			hasScannedForEncodings = 0;
			knownRegions = (
				en,
				Base,
			);
			mainGroup = 1FD3B754230D37F7000B7CF9;
			productRefGroup = 1FD3B75E230D37F7000B7CF9 /* Products */;
			projectDirPath = "";
			projectRoot = "";
			targets = (
				1FD3B75C230D37F7000B7CF9 /* MLSModelDemo */,
			);
		};
/* End PBXProject section */

/* Begin PBXResourcesBuildPhase section */
		1FD3B75B230D37F7000B7CF9 /* Resources */ = {
			isa = PBXResourcesBuildPhase;
			buildActionMask = 2147483647;
			files = (
				1FD3B76D230D37F8000B7CF9 /* LaunchScreen.storyboard in Resources */,
				1FD3B76A230D37F8000B7CF9 /* Assets.xcassets in Resources */,
				1FD3B768230D37F7000B7CF9 /* Main.storyboard in Resources */,
			);
			runOnlyForDeploymentPostprocessing = 0;
		};
/* End PBXResourcesBuildPhase section */

/* Begin PBXShellScriptBuildPhase section */
		85AAC29EFCCB284F40002848 /* [CP] Check Pods Manifest.lock */ = {
			isa = PBXShellScriptBuildPhase;
			buildActionMask = 2147483647;
			files = (
			);
			inputFileListPaths = (
			);
			inputPaths = (
				"${PODS_PODFILE_DIR_PATH}/Podfile.lock",
				"${PODS_ROOT}/Manifest.lock",
			);
			name = "[CP] Check Pods Manifest.lock";
			outputFileListPaths = (
			);
			outputPaths = (
				"$(DERIVED_FILE_DIR)/Pods-MLSModelDemo-checkManifestLockResult.txt",
			);
			runOnlyForDeploymentPostprocessing = 0;
			shellPath = /bin/sh;
			shellScript = "diff \"${PODS_PODFILE_DIR_PATH}/Podfile.lock\" \"${PODS_ROOT}/Manifest.lock\" > /dev/null\nif [ $? != 0 ] ; then\n    # print error to STDERR\n    echo \"error: The sandbox is not in sync with the Podfile.lock. Run 'pod install' or update your CocoaPods installation.\" >&2\n    exit 1\nfi\n# This output is used by Xcode 'outputs' to avoid re-running this script phase.\necho \"SUCCESS\" > \"${SCRIPT_OUTPUT_FILE_0}\"\n";
			showEnvVarsInLog = 0;
		};
/* End PBXShellScriptBuildPhase section */

/* Begin PBXSourcesBuildPhase section */
		1FD3B759230D37F7000B7CF9 /* Sources */ = {
			isa = PBXSourcesBuildPhase;
			buildActionMask = 2147483647;
			files = (
				1FD3B765230D37F7000B7CF9 /* ViewController.m in Sources */,
				1FD3B770230D37F8000B7CF9 /* main.m in Sources */,
				1FD3B762230D37F7000B7CF9 /* AppDelegate.m in Sources */,
			);
			runOnlyForDeploymentPostprocessing = 0;
		};
/* End PBXSourcesBuildPhase section */

/* Begin PBXVariantGroup section */
		1FD3B766230D37F7000B7CF9 /* Main.storyboard */ = {
			isa = PBXVariantGroup;
			children = (
				1FD3B767230D37F7000B7CF9 /* Base */,
			);
			name = Main.storyboard;
			sourceTree = "<group>";
		};
		1FD3B76B230D37F8000B7CF9 /* LaunchScreen.storyboard */ = {
			isa = PBXVariantGroup;
			children = (
				1FD3B76C230D37F8000B7CF9 /* Base */,
			);
			name = LaunchScreen.storyboard;
			sourceTree = "<group>";
		};
/* End PBXVariantGroup section */

/* Begin XCBuildConfiguration section */
		1FD3B771230D37F8000B7CF9 /* Debug */ = {
			isa = XCBuildConfiguration;
			buildSettings = {
				ALWAYS_SEARCH_USER_PATHS = NO;
				CLANG_ANALYZER_NONNULL = YES;
				CLANG_ANALYZER_NUMBER_OBJECT_CONVERSION = YES_AGGRESSIVE;
				CLANG_CXX_LANGUAGE_STANDARD = "gnu++14";
				CLANG_CXX_LIBRARY = "libc++";
				CLANG_ENABLE_MODULES = YES;
				CLANG_ENABLE_OBJC_ARC = YES;
				CLANG_ENABLE_OBJC_WEAK = YES;
				CLANG_WARN_BLOCK_CAPTURE_AUTORELEASING = YES;
				CLANG_WARN_BOOL_CONVERSION = YES;
				CLANG_WARN_COMMA = YES;
				CLANG_WARN_CONSTANT_CONVERSION = YES;
				CLANG_WARN_DEPRECATED_OBJC_IMPLEMENTATIONS = YES;
				CLANG_WARN_DIRECT_OBJC_ISA_USAGE = YES_ERROR;
				CLANG_WARN_DOCUMENTATION_COMMENTS = YES;
				CLANG_WARN_EMPTY_BODY = YES;
				CLANG_WARN_ENUM_CONVERSION = YES;
				CLANG_WARN_INFINITE_RECURSION = YES;
				CLANG_WARN_INT_CONVERSION = YES;
				CLANG_WARN_NON_LITERAL_NULL_CONVERSION = YES;
				CLANG_WARN_OBJC_IMPLICIT_RETAIN_SELF = YES;
				CLANG_WARN_OBJC_LITERAL_CONVERSION = YES;
				CLANG_WARN_OBJC_ROOT_CLASS = YES_ERROR;
				CLANG_WARN_RANGE_LOOP_ANALYSIS = YES;
				CLANG_WARN_STRICT_PROTOTYPES = YES;
				CLANG_WARN_SUSPICIOUS_MOVE = YES;
				CLANG_WARN_UNGUARDED_AVAILABILITY = YES_AGGRESSIVE;
				CLANG_WARN_UNREACHABLE_CODE = YES;
				CLANG_WARN__DUPLICATE_METHOD_MATCH = YES;
				CODE_SIGN_IDENTITY = "iPhone Developer";
				COPY_PHASE_STRIP = NO;
				DEBUG_INFORMATION_FORMAT = dwarf;
				ENABLE_STRICT_OBJC_MSGSEND = YES;
				ENABLE_TESTABILITY = YES;
				GCC_C_LANGUAGE_STANDARD = gnu11;
				GCC_DYNAMIC_NO_PIC = NO;
				GCC_NO_COMMON_BLOCKS = YES;
				GCC_OPTIMIZATION_LEVEL = 0;
				GCC_PREPROCESSOR_DEFINITIONS = (
					"DEBUG=1",
					"$(inherited)",
				);
				GCC_WARN_64_TO_32_BIT_CONVERSION = YES;
				GCC_WARN_ABOUT_RETURN_TYPE = YES_ERROR;
				GCC_WARN_UNDECLARED_SELECTOR = YES;
				GCC_WARN_UNINITIALIZED_AUTOS = YES_AGGRESSIVE;
				GCC_WARN_UNUSED_FUNCTION = YES;
				GCC_WARN_UNUSED_VARIABLE = YES;
				IPHONEOS_DEPLOYMENT_TARGET = 12.2;
				MTL_ENABLE_DEBUG_INFO = INCLUDE_SOURCE;
				MTL_FAST_MATH = YES;
				ONLY_ACTIVE_ARCH = YES;
				SDKROOT = iphoneos;
			};
			name = Debug;
		};
		1FD3B772230D37F8000B7CF9 /* Release */ = {
			isa = XCBuildConfiguration;
			buildSettings = {
				ALWAYS_SEARCH_USER_PATHS = NO;
				CLANG_ANALYZER_NONNULL = YES;
				CLANG_ANALYZER_NUMBER_OBJECT_CONVERSION = YES_AGGRESSIVE;
				CLANG_CXX_LANGUAGE_STANDARD = "gnu++14";
				CLANG_CXX_LIBRARY = "libc++";
				CLANG_ENABLE_MODULES = YES;
				CLANG_ENABLE_OBJC_ARC = YES;
				CLANG_ENABLE_OBJC_WEAK = YES;
				CLANG_WARN_BLOCK_CAPTURE_AUTORELEASING = YES;
				CLANG_WARN_BOOL_CONVERSION = YES;
				CLANG_WARN_COMMA = YES;
				CLANG_WARN_CONSTANT_CONVERSION = YES;
				CLANG_WARN_DEPRECATED_OBJC_IMPLEMENTATIONS = YES;
				CLANG_WARN_DIRECT_OBJC_ISA_USAGE = YES_ERROR;
				CLANG_WARN_DOCUMENTATION_COMMENTS = YES;
				CLANG_WARN_EMPTY_BODY = YES;
				CLANG_WARN_ENUM_CONVERSION = YES;
				CLANG_WARN_INFINITE_RECURSION = YES;
				CLANG_WARN_INT_CONVERSION = YES;
				CLANG_WARN_NON_LITERAL_NULL_CONVERSION = YES;
				CLANG_WARN_OBJC_IMPLICIT_RETAIN_SELF = YES;
				CLANG_WARN_OBJC_LITERAL_CONVERSION = YES;
				CLANG_WARN_OBJC_ROOT_CLASS = YES_ERROR;
				CLANG_WARN_RANGE_LOOP_ANALYSIS = YES;
				CLANG_WARN_STRICT_PROTOTYPES = YES;
				CLANG_WARN_SUSPICIOUS_MOVE = YES;
				CLANG_WARN_UNGUARDED_AVAILABILITY = YES_AGGRESSIVE;
				CLANG_WARN_UNREACHABLE_CODE = YES;
				CLANG_WARN__DUPLICATE_METHOD_MATCH = YES;
				CODE_SIGN_IDENTITY = "iPhone Developer";
				COPY_PHASE_STRIP = NO;
				DEBUG_INFORMATION_FORMAT = "dwarf-with-dsym";
				ENABLE_NS_ASSERTIONS = NO;
				ENABLE_STRICT_OBJC_MSGSEND = YES;
				GCC_C_LANGUAGE_STANDARD = gnu11;
				GCC_NO_COMMON_BLOCKS = YES;
				GCC_WARN_64_TO_32_BIT_CONVERSION = YES;
				GCC_WARN_ABOUT_RETURN_TYPE = YES_ERROR;
				GCC_WARN_UNDECLARED_SELECTOR = YES;
				GCC_WARN_UNINITIALIZED_AUTOS = YES_AGGRESSIVE;
				GCC_WARN_UNUSED_FUNCTION = YES;
				GCC_WARN_UNUSED_VARIABLE = YES;
				IPHONEOS_DEPLOYMENT_TARGET = 12.2;
				MTL_ENABLE_DEBUG_INFO = NO;
				MTL_FAST_MATH = YES;
				SDKROOT = iphoneos;
				VALIDATE_PRODUCT = YES;
			};
			name = Release;
		};
		1FD3B774230D37F8000B7CF9 /* Debug */ = {
			isa = XCBuildConfiguration;
			baseConfigurationReference = 7CAC4285B764D9D319B076C4 /* Pods-MLSModelDemo.debug.xcconfig */;
			buildSettings = {
				ASSETCATALOG_COMPILER_APPICON_NAME = AppIcon;
				CODE_SIGN_STYLE = Manual;
				DEVELOPMENT_TEAM = "";
				INFOPLIST_FILE = MLSModelDemo/Info.plist;
				LD_RUNPATH_SEARCH_PATHS = (
					"$(inherited)",
					"@executable_path/Frameworks",
				);
				PRODUCT_BUNDLE_IDENTIFIER = cn.minlison.MLSModelDemo;
				PRODUCT_NAME = "$(TARGET_NAME)";
				PROVISIONING_PROFILE_SPECIFIER = "";
				TARGETED_DEVICE_FAMILY = "1,2";
			};
			name = Debug;
		};
		1FD3B775230D37F8000B7CF9 /* Release */ = {
			isa = XCBuildConfiguration;
			baseConfigurationReference = 2E952FC98A4821251D2D1CA6 /* Pods-MLSModelDemo.release.xcconfig */;
			buildSettings = {
				ASSETCATALOG_COMPILER_APPICON_NAME = AppIcon;
				CODE_SIGN_STYLE = Manual;
				DEVELOPMENT_TEAM = "";
				INFOPLIST_FILE = MLSModelDemo/Info.plist;
				LD_RUNPATH_SEARCH_PATHS = (
					"$(inherited)",
					"@executable_path/Frameworks",
				);
				PRODUCT_BUNDLE_IDENTIFIER = cn.minlison.MLSModelDemo;
				PRODUCT_NAME = "$(TARGET_NAME)";
				PROVISIONING_PROFILE_SPECIFIER = "";
				TARGETED_DEVICE_FAMILY = "1,2";
			};
			name = Release;
		};
/* End XCBuildConfiguration section */

/* Begin XCConfigurationList section */
		1FD3B758230D37F7000B7CF9 /* Build configuration list for PBXProject "MLSModelDemo" */ = {
			isa = XCConfigurationList;
			buildConfigurations = (
				1FD3B771230D37F8000B7CF9 /* Debug */,
				1FD3B772230D37F8000B7CF9 /* Release */,
			);
			defaultConfigurationIsVisible = 0;
			defaultConfigurationName = Release;
		};
		1FD3B773230D37F8000B7CF9 /* Build configuration list for PBXNativeTarget "MLSModelDemo" */ = {
			isa = XCConfigurationList;
			buildConfigurations = (
				1FD3B774230D37F8000B7CF9 /* Debug */,
				1FD3B775230D37F8000B7CF9 /* Release */,
			);
			defaultConfigurationIsVisible = 0;
			defaultConfigurationName = Release;
		};
/* End XCConfigurationList section */
	};
	rootObject = 1FD3B755230D37F7000B7CF9 /* Project object */;
}
